
Microsoft Visual Studio Solution File, Format Version 12.00
# Visual Studio Version 16
VisualStudioVersion = 16.0.31321.278
MinimumVisualStudioVersion = 10.0.40219.1
Project("{FAE04EC0-301F-11D3-BF4B-00C04F79EFBC}") = "Assignment2", "Assignment2\Assignment2.csproj", "{DB5F763F-A610-4D77-A298-43721D25D116}"
EndProject
Project("{FAE04EC0-301F-11D3-BF4B-00C04F79EFBC}") = "Assignment2.tests", "Assignment2.tests\Assignment2.tests.csproj", "{08BCAD66-E1BD-4A76-AFCF-B29B6E89B6F7}"
EndProject
Global
	GlobalSection(SolutionConfigurationPlatforms) = preSolution
		Debug|Any CPU = Debug|Any CPU
		Release|Any CPU = Release|Any CPU
	EndGlobalSection
	GlobalSection(ProjectConfigurationPlatforms) = postSolution
		{DB5F763F-A610-4D77-A298-43721D25D116}.Debug|Any CPU.ActiveCfg = Debug|Any CPU
		{DB5F763F-A610-4D77-A298-43721D25D116}.Debug|Any CPU.Build.0 = Debug|Any CPU
		{DB5F763F-A610-4D77-A298-43721D25D116}.Release|Any CPU.ActiveCfg = Release|Any CPU
		{DB5F763F-A610-4D77-A298-43721D25D116}.Release|Any CPU.Build.0 = Release|Any CPU
		{08BCAD66-E1BD-4A76-AFCF-B29B6E89B6F7}.Debug|Any CPU.ActiveCfg = Debug|Any CPU
		{08BCAD66-E1BD-4A76-AFCF-B29B6E89B6F7}.Debug|Any CPU.Build.0 = Debug|Any CPU
		{08BCAD66-E1BD-4A76-AFCF-B29B6E89B6F7}.Release|Any CPU.ActiveCfg = Release|Any CPU
		{08BCAD66-E1BD-4A76-AFCF-B29B6E89B6F7}.Release|Any CPU.Build.0 = Release|Any CPU
	EndGlobalSection
	GlobalSection(SolutionProperties) = preSolution
		HideSolutionNode = FALSE
	EndGlobalSection
	GlobalSection(ExtensibilityGlobals) = postSolution
		SolutionGuid = {6A724079-453F-4A92-8162-588A099E62D5}
	EndGlobalSection
EndGlobal
